
Microsoft Visual Studio Solution File, Format Version 12.00
# Visual Studio Version 16
VisualStudioVersion = 16.0.30611.23
MinimumVisualStudioVersion = 10.0.40219.1
Project("{9A19103F-16F7-4668-BE54-9A1E7A4F7556}") = "CabInvoiceClass", "CabInvoiceClass\CabInvoiceClass.csproj", "{D86076DA-7A7C-45D3-9704-A994BD3EEFE7}"
EndProject
Project("{FAE04EC0-301F-11D3-BF4B-00C04F79EFBC}") = "NUnitTestProjectForCabInvoiceGenerator", "NUnitTestProjectForCabInvoiceGenerator\NUnitTestProjectForCabInvoiceGenerator.csproj", "{6797EA1C-EB4B-4183-AFEC-616E5B58EBF9}"
EndProject
Global
	GlobalSection(SolutionConfigurationPlatforms) = preSolution
		Debug|Any CPU = Debug|Any CPU
		Release|Any CPU = Release|Any CPU
	EndGlobalSection
	GlobalSection(ProjectConfigurationPlatforms) = postSolution
		{D86076DA-7A7C-45D3-9704-A994BD3EEFE7}.Debug|Any CPU.ActiveCfg = Debug|Any CPU
		{D86076DA-7A7C-45D3-9704-A994BD3EEFE7}.Debug|Any CPU.Build.0 = Debug|Any CPU
		{D86076DA-7A7C-45D3-9704-A994BD3EEFE7}.Release|Any CPU.ActiveCfg = Release|Any CPU
		{D86076DA-7A7C-45D3-9704-A994BD3EEFE7}.Release|Any CPU.Build.0 = Release|Any CPU
		{6797EA1C-EB4B-4183-AFEC-616E5B58EBF9}.Debug|Any CPU.ActiveCfg = Debug|Any CPU
		{6797EA1C-EB4B-4183-AFEC-616E5B58EBF9}.Debug|Any CPU.Build.0 = Debug|Any CPU
		{6797EA1C-EB4B-4183-AFEC-616E5B58EBF9}.Release|Any CPU.ActiveCfg = Release|Any CPU
		{6797EA1C-EB4B-4183-AFEC-616E5B58EBF9}.Release|Any CPU.Build.0 = Release|Any CPU
	EndGlobalSection
	GlobalSection(SolutionProperties) = preSolution
		HideSolutionNode = FALSE
	EndGlobalSection
	GlobalSection(ExtensibilityGlobals) = postSolution
		SolutionGuid = {88FAC32D-C4E7-4056-B0F4-1E9763EEA6C3}
	EndGlobalSection
EndGlobal
